<?xml version="1.0" encoding="utf-8"?>
<Project ToolsVersion="4.0" xmlns="http://schemas.microsoft.com/developer/msbuild/2003">
  <ItemGroup>
    <Filter Include="ソース ファイル">
      <UniqueIdentifier>{4FC737F1-C7A5-4376-A066-2A32D752A2FF}</UniqueIdentifier>
      <Extensions>cpp;c;cc;cxx;def;odl;idl;hpj;bat;asm;asmx</Extensions>
    </Filter>
    <Filter Include="リソース ファイル">
      <UniqueIdentifier>{67DA6AB6-F800-4c08-8B7A-83BB121AAD01}</UniqueIdentifier>
      <Extensions>rc;ico;cur;bmp;dlg;rc2;rct;bin;rgs;gif;jpg;jpeg;jpe;resx;tiff;tif;png;wav;mfcribbon-ms</Extensions>
    </Filter>
    <Filter Include="ソース ファイル\Main">
      <UniqueIdentifier>{8fdeb5db-ad28-48b8-8ada-9489435b9e9a}</UniqueIdentifier>
    </Filter>
    <Filter Include="ソース ファイル\System">
      <UniqueIdentifier>{686009c7-74b1-4fce-ab37-a9c086641022}</UniqueIdentifier>
    </Filter>
    <Filter Include="ソース ファイル\Manager">
      <UniqueIdentifier>{9d56a32a-2444-467f-bc57-83a99ab20af7}</UniqueIdentifier>
    </Filter>
    <Filter Include="ソース ファイル\Object">
      <UniqueIdentifier>{b84420d6-ab54-425f-8aa0-e8ad99929a7e}</UniqueIdentifier>
    </Filter>
    <Filter Include="ソース ファイル\Scene">
      <UniqueIdentifier>{c69871ad-c5ea-456d-9304-e42de800f002}</UniqueIdentifier>
    </Filter>
    <Filter Include="ソース ファイル\UI">
      <UniqueIdentifier>{73dc4981-2260-4a53-a8dd-5bc405c2195a}</UniqueIdentifier>
    </Filter>
    <Filter Include="ヘッダー ファイル">
      <UniqueIdentifier>{93995380-89BD-4b04-88EB-625FBE52EBFB}</UniqueIdentifier>
      <Extensions>h;hh;hpp;hxx;hm;inl;inc;xsd</Extensions>
    </Filter>
    <Filter Include="ヘッダー ファイル\Main">
      <UniqueIdentifier>{bc2c1d62-a9c0-49d8-b40f-6b7c202aeb22}</UniqueIdentifier>
    </Filter>
    <Filter Include="ヘッダー ファイル\Manager">
      <UniqueIdentifier>{f13c4193-b107-437f-a6cb-0077d349bd9a}</UniqueIdentifier>
    </Filter>
    <Filter Include="ヘッダー ファイル\System">
      <UniqueIdentifier>{bd9ff57c-7a98-424c-90cd-1a24c567af79}</UniqueIdentifier>
    </Filter>
    <Filter Include="ヘッダー ファイル\Scene">
      <UniqueIdentifier>{2fed9909-ea65-43a5-a9a3-43fa434982f7}</UniqueIdentifier>
    </Filter>
    <Filter Include="ヘッダー ファイル\Object">
      <UniqueIdentifier>{0c38122d-f104-4410-a61b-947f1185a7b8}</UniqueIdentifier>
    </Filter>
    <Filter Include="ヘッダー ファイル\UI">
      <UniqueIdentifier>{67c501f4-0781-4ab8-98dc-bd82ed7626ae}</UniqueIdentifier>
    </Filter>
  </ItemGroup>
  <ItemGroup>
    <ClCompile Include="res\cpp\Main\GameWnd.cpp">
      <Filter>ソース ファイル\Main</Filter>
    </ClCompile>
    <ClCompile Include="res\cpp\Main\Main.cpp">
      <Filter>ソース ファイル\Main</Filter>
    </ClCompile>
    <ClCompile Include="res\cpp\Main\Window.cpp">
      <Filter>ソース ファイル\Main</Filter>
    </ClCompile>
    <ClCompile Include="res\cpp\Object\Camera.cpp">
      <Filter>ソース ファイル\Object</Filter>
    </ClCompile>
    <ClCompile Include="res\cpp\Object\Number.cpp">
      <Filter>ソース ファイル\Object</Filter>
    </ClCompile>
    <ClCompile Include="res\cpp\Object\Object.cpp">
      <Filter>ソース ファイル\Object</Filter>
    </ClCompile>
    <ClCompile Include="res\cpp\Object\Object2D.cpp">
      <Filter>ソース ファイル\Object</Filter>
    </ClCompile>
    <ClCompile Include="res\cpp\Object\Score.cpp">
      <Filter>ソース ファイル\Object</Filter>
    </ClCompile>
    <ClCompile Include="res\cpp\Scene\Game.cpp">
      <Filter>ソース ファイル\Scene</Filter>
    </ClCompile>
    <ClCompile Include="res\cpp\Scene\GameMain.cpp">
      <Filter>ソース ファイル\Scene</Filter>
    </ClCompile>
    <ClCompile Include="res\cpp\Scene\Result.cpp">
      <Filter>ソース ファイル\Scene</Filter>
    </ClCompile>
    <ClCompile Include="res\cpp\Scene\Scene.cpp">
      <Filter>ソース ファイル\Scene</Filter>
    </ClCompile>
    <ClCompile Include="res\cpp\Scene\Select.cpp">
      <Filter>ソース ファイル\Scene</Filter>
    </ClCompile>
    <ClCompile Include="res\cpp\Scene\Title.cpp">
      <Filter>ソース ファイル\Scene</Filter>
    </ClCompile>
    <ClCompile Include="res\cpp\System\ChangeScene.cpp">
      <Filter>ソース ファイル\System</Filter>
    </ClCompile>
    <ClCompile Include="res\cpp\System\Graphics.cpp">
      <Filter>ソース ファイル\System</Filter>
    </ClCompile>
    <ClCompile Include="res\cpp\System\Input.cpp">
      <Filter>ソース ファイル\System</Filter>
    </ClCompile>
    <ClCompile Include="res\cpp\System\Sound.cpp">
      <Filter>ソース ファイル\System</Filter>
    </ClCompile>
    <ClCompile Include="res\cpp\System\System.cpp">
      <Filter>ソース ファイル\System</Filter>
    </ClCompile>
    <ClCompile Include="res\cpp\System\Timer.cpp">
      <Filter>ソース ファイル\System</Filter>
    </ClCompile>
    <ClCompile Include="res\cpp\Object\Player.cpp">
      <Filter>ソース ファイル\Object</Filter>
    </ClCompile>
    <ClCompile Include="res\cpp\Object\PlayersGroup.cpp">
      <Filter>ソース ファイル\Object</Filter>
    </ClCompile>
    <ClCompile Include="res\cpp\Object\Character.cpp">
      <Filter>ソース ファイル\Object</Filter>
    </ClCompile>
    <ClCompile Include="res\cpp\Object\Stage.cpp">
      <Filter>ソース ファイル\Object</Filter>
    </ClCompile>
    <ClCompile Include="res\cpp\Object\GameCamera.cpp">
      <Filter>ソース ファイル\Object</Filter>
    </ClCompile>
    <ClCompile Include="res\cpp\Object\Button.cpp">
      <Filter>ソース ファイル\UI</Filter>
    </ClCompile>
    <ClCompile Include="res\cpp\Object\GameStop.cpp">
      <Filter>ソース ファイル\Object</Filter>
    </ClCompile>
    <ClCompile Include="res\cpp\Object\GameOver.cpp">
      <Filter>ソース ファイル\Object</Filter>
    </ClCompile>
    <ClCompile Include="res\cpp\System\MapData.cpp">
      <Filter>ソース ファイル\System</Filter>
    </ClCompile>
    <ClCompile Include="res\cpp\Object\GameClear.cpp">
      <Filter>ソース ファイル\Object</Filter>
    </ClCompile>
    <ClCompile Include="res\cpp\Object\SelectObject.cpp">
      <Filter>ソース ファイル\Object</Filter>
    </ClCompile>
    <ClCompile Include="res\cpp\Object\FieldBlock.cpp">
      <Filter>ソース ファイル\Object</Filter>
    </ClCompile>
    <ClCompile Include="res\cpp\Object\Jack.cpp">
      <Filter>ソース ファイル\Object</Filter>
    </ClCompile>
    <ClCompile Include="res\cpp\Object\Flower.cpp">
      <Filter>ソース ファイル\Object</Filter>
    </ClCompile>
  </ItemGroup>
  <ItemGroup>
    <ClInclude Include="res\h\Main\GameWnd.h">
      <Filter>ヘッダー ファイル\Main</Filter>
    </ClInclude>
    <ClInclude Include="res\h\Main\Window.h">
      <Filter>ヘッダー ファイル\Main</Filter>
    </ClInclude>
    <ClInclude Include="res\h\Object\Camera.h">
      <Filter>ヘッダー ファイル\Object</Filter>
    </ClInclude>
    <ClInclude Include="res\h\Object\Number.h">
      <Filter>ヘッダー ファイル\Object</Filter>
    </ClInclude>
    <ClInclude Include="res\h\Object\Object.h">
      <Filter>ヘッダー ファイル\Object</Filter>
    </ClInclude>
    <ClInclude Include="res\h\Object\Object2D.h">
      <Filter>ヘッダー ファイル\Object</Filter>
    </ClInclude>
    <ClInclude Include="res\h\Object\Score.h">
      <Filter>ヘッダー ファイル\Object</Filter>
    </ClInclude>
    <ClInclude Include="res\h\Scene\Game.h">
      <Filter>ヘッダー ファイル\Scene</Filter>
    </ClInclude>
    <ClInclude Include="res\h\Scene\GameMain.h">
      <Filter>ヘッダー ファイル\Scene</Filter>
    </ClInclude>
    <ClInclude Include="res\h\Scene\Result.h">
      <Filter>ヘッダー ファイル\Scene</Filter>
    </ClInclude>
    <ClInclude Include="res\h\Scene\Scene.h">
      <Filter>ヘッダー ファイル\Scene</Filter>
    </ClInclude>
    <ClInclude Include="res\h\Scene\Select.h">
      <Filter>ヘッダー ファイル\Scene</Filter>
    </ClInclude>
    <ClInclude Include="res\h\Scene\Title.h">
      <Filter>ヘッダー ファイル\Scene</Filter>
    </ClInclude>
    <ClInclude Include="res\h\System\ChangeScene.h">
      <Filter>ヘッダー ファイル\System</Filter>
    </ClInclude>
    <ClInclude Include="res\h\System\Graphics.h">
      <Filter>ヘッダー ファイル\System</Filter>
    </ClInclude>
    <ClInclude Include="res\h\System\Input.h">
      <Filter>ヘッダー ファイル\System</Filter>
    </ClInclude>
    <ClInclude Include="res\h\System\PreInclude.h">
      <Filter>ヘッダー ファイル\System</Filter>
    </ClInclude>
    <ClInclude Include="res\h\System\Sound.h">
      <Filter>ヘッダー ファイル\System</Filter>
    </ClInclude>
    <ClInclude Include="res\h\System\System.h">
      <Filter>ヘッダー ファイル\System</Filter>
    </ClInclude>
    <ClInclude Include="res\h\System\Timer.h">
      <Filter>ヘッダー ファイル\System</Filter>
    </ClInclude>
    <ClInclude Include="res\h\Object\Player.h">
      <Filter>ヘッダー ファイル\Object</Filter>
    </ClInclude>
    <ClInclude Include="res\h\Object\PlayersGroup.h">
      <Filter>ヘッダー ファイル\Object</Filter>
    </ClInclude>
    <ClInclude Include="res\h\Object\Character.h">
      <Filter>ヘッダー ファイル\Object</Filter>
    </ClInclude>
    <ClInclude Include="res\h\Object\Stage.h">
      <Filter>ヘッダー ファイル\Object</Filter>
    </ClInclude>
    <ClInclude Include="res\h\Object\GameCamera.h">
      <Filter>ヘッダー ファイル\Object</Filter>
    </ClInclude>
    <ClInclude Include="res\h\Object\Flower.h">
      <Filter>ヘッダー ファイル\Object</Filter>
    </ClInclude>
    <ClInclude Include="res\h\Object\Button.h">
      <Filter>ヘッダー ファイル\UI</Filter>
    </ClInclude>
    <ClInclude Include="res\h\Object\GameStop.h">
      <Filter>ヘッダー ファイル\Object</Filter>
    </ClInclude>
    <ClInclude Include="res\h\Object\GameOver.h">
      <Filter>ヘッダー ファイル\Object</Filter>
    </ClInclude>
    <ClInclude Include="res\h\System\MapData.h">
      <Filter>ヘッダー ファイル\System</Filter>
    </ClInclude>
    <ClInclude Include="res\h\Object\GameClear.h">
      <Filter>ヘッダー ファイル\Object</Filter>
    </ClInclude>
    <ClInclude Include="res\h\Object\SelectObject.h">
      <Filter>ヘッダー ファイル\Object</Filter>
    </ClInclude>
    <ClInclude Include="res\h\Object\FieldBlock.h">
      <Filter>ヘッダー ファイル\Object</Filter>
    </ClInclude>
    <ClInclude Include="res\h\Object\Jack.h">
      <Filter>ヘッダー ファイル\Object</Filter>
    </ClInclude>
  </ItemGroup>
</Project>